schema: '2.0'
stages:
  data_ingestion:
    cmd: python src/deepClassifier/pipeline/stage_01_data_ingestion.py
    deps:
    - path: configs/config.yaml
      md5: 1b095b301a7374585a18b739ec385c66
      size: 829
    - path: src/deepClassifier/pipeline/stage_01_data_ingestion.py
      md5: 8d46f119c0e11d74a50aee0b19400aed
      size: 775
    outs:
    - path: artifacts/data_ingestion/PetImages
      md5: 3a5cf86541f22c236620ce5b952ad684.dir
      size: 848866410
      nfiles: 24998
  prepare_base_model:
    cmd: python src/deepClassifier/pipeline/stage_02_prepare_base_model.py
    deps:
    - path: configs/config.yaml
      md5: 1b095b301a7374585a18b739ec385c66
      size: 829
    - path: src/deepClassifier/pipeline/stage_02_prepare_base_model.py
      md5: 1600a99bd2498f889340f660cc7acbe0
      size: 864
    params:
      params.yaml:
        CLASSES: 2
        IMAGE_SIZE:
        - 224
        - 224
        - 3
        INCLUDE_TOP: false
        LEARNING_RATE: 0.01
        WEIGHTS: imagenet
    outs:
    - path: artifacts/prepare_base_model
      md5: 71922650361a665554f6a4bbf40bd14b.dir
      size: 118054232
      nfiles: 2
